
Microsoft Visual Studio Solution File, Format Version 12.00
# Visual Studio Version 16
VisualStudioVersion = 16.0.29911.84
MinimumVisualStudioVersion = 10.0.40219.1
Project("{FAE04EC0-301F-11D3-BF4B-00C04F79EFBC}") = "Chapter3", "Chapter3\Chapter3.csproj", "{66AA12A1-E33D-4850-B259-15B1FA9A1B56}"
EndProject
Project("{FAE04EC0-301F-11D3-BF4B-00C04F79EFBC}") = "Chapter4", "Chapter4\Chapter4.csproj", "{2B7A1ED9-6DB7-4862-B34F-02BA0141B62C}"
EndProject
Project("{FAE04EC0-301F-11D3-BF4B-00C04F79EFBC}") = "Chapter5", "Chapter5\Chapter5.csproj", "{BE09DA0C-884A-4C57-A779-7D06770D354C}"
EndProject
Project("{FAE04EC0-301F-11D3-BF4B-00C04F79EFBC}") = "Chapter6", "Chapter6\Chapter6.csproj", "{4D0E3027-22E4-4BD8-90E2-9E31E34422C5}"
EndProject
Global
	GlobalSection(SolutionConfigurationPlatforms) = preSolution
		Debug|Any CPU = Debug|Any CPU
		Release|Any CPU = Release|Any CPU
	EndGlobalSection
	GlobalSection(ProjectConfigurationPlatforms) = postSolution
		{66AA12A1-E33D-4850-B259-15B1FA9A1B56}.Debug|Any CPU.ActiveCfg = Debug|Any CPU
		{66AA12A1-E33D-4850-B259-15B1FA9A1B56}.Debug|Any CPU.Build.0 = Debug|Any CPU
		{66AA12A1-E33D-4850-B259-15B1FA9A1B56}.Release|Any CPU.ActiveCfg = Release|Any CPU
		{66AA12A1-E33D-4850-B259-15B1FA9A1B56}.Release|Any CPU.Build.0 = Release|Any CPU
		{2B7A1ED9-6DB7-4862-B34F-02BA0141B62C}.Debug|Any CPU.ActiveCfg = Debug|Any CPU
		{2B7A1ED9-6DB7-4862-B34F-02BA0141B62C}.Debug|Any CPU.Build.0 = Debug|Any CPU
		{2B7A1ED9-6DB7-4862-B34F-02BA0141B62C}.Release|Any CPU.ActiveCfg = Release|Any CPU
		{2B7A1ED9-6DB7-4862-B34F-02BA0141B62C}.Release|Any CPU.Build.0 = Release|Any CPU
		{BE09DA0C-884A-4C57-A779-7D06770D354C}.Debug|Any CPU.ActiveCfg = Debug|Any CPU
		{BE09DA0C-884A-4C57-A779-7D06770D354C}.Debug|Any CPU.Build.0 = Debug|Any CPU
		{BE09DA0C-884A-4C57-A779-7D06770D354C}.Release|Any CPU.ActiveCfg = Release|Any CPU
		{BE09DA0C-884A-4C57-A779-7D06770D354C}.Release|Any CPU.Build.0 = Release|Any CPU
		{4D0E3027-22E4-4BD8-90E2-9E31E34422C5}.Debug|Any CPU.ActiveCfg = Debug|Any CPU
		{4D0E3027-22E4-4BD8-90E2-9E31E34422C5}.Debug|Any CPU.Build.0 = Debug|Any CPU
		{4D0E3027-22E4-4BD8-90E2-9E31E34422C5}.Release|Any CPU.ActiveCfg = Release|Any CPU
		{4D0E3027-22E4-4BD8-90E2-9E31E34422C5}.Release|Any CPU.Build.0 = Release|Any CPU
	EndGlobalSection
	GlobalSection(SolutionProperties) = preSolution
		HideSolutionNode = FALSE
	EndGlobalSection
	GlobalSection(ExtensibilityGlobals) = postSolution
		SolutionGuid = {BFBAEBE3-5EF2-4003-8AC4-FF2F23EC3550}
	EndGlobalSection
EndGlobal
